
Microsoft Visual Studio Solution File, Format Version 12.00
# Visual Studio Version 17
VisualStudioVersion = 17.2.32616.157
MinimumVisualStudioVersion = 10.0.40219.1
Project("{9A19103F-16F7-4668-BE54-9A1E7A4F7556}") = "webapp", "webapp\webapp.csproj", "{AA959E54-2909-4913-9A45-991177E14BDD}"
EndProject
Project("{FAE04EC0-301F-11D3-BF4B-00C04F79EFBC}") = "sqlapp", "sqlapp\sqlapp.csproj", "{08AC58B9-97CC-4A24-A942-B86BB73BD953}"
EndProject
Global
	GlobalSection(SolutionConfigurationPlatforms) = preSolution
		Debug|Any CPU = Debug|Any CPU
		Release|Any CPU = Release|Any CPU
	EndGlobalSection
	GlobalSection(ProjectConfigurationPlatforms) = postSolution
		{AA959E54-2909-4913-9A45-991177E14BDD}.Debug|Any CPU.ActiveCfg = Debug|Any CPU
		{AA959E54-2909-4913-9A45-991177E14BDD}.Debug|Any CPU.Build.0 = Debug|Any CPU
		{AA959E54-2909-4913-9A45-991177E14BDD}.Release|Any CPU.ActiveCfg = Release|Any CPU
		{AA959E54-2909-4913-9A45-991177E14BDD}.Release|Any CPU.Build.0 = Release|Any CPU
		{08AC58B9-97CC-4A24-A942-B86BB73BD953}.Debug|Any CPU.ActiveCfg = Debug|Any CPU
		{08AC58B9-97CC-4A24-A942-B86BB73BD953}.Debug|Any CPU.Build.0 = Debug|Any CPU
		{08AC58B9-97CC-4A24-A942-B86BB73BD953}.Release|Any CPU.ActiveCfg = Release|Any CPU
		{08AC58B9-97CC-4A24-A942-B86BB73BD953}.Release|Any CPU.Build.0 = Release|Any CPU
	EndGlobalSection
	GlobalSection(SolutionProperties) = preSolution
		HideSolutionNode = FALSE
	EndGlobalSection
	GlobalSection(ExtensibilityGlobals) = postSolution
		SolutionGuid = {226C5A55-185B-44B4-BB05-FD821BFD665A}
	EndGlobalSection
EndGlobal
