
Microsoft Visual Studio Solution File, Format Version 12.00
# Visual Studio Version 17
VisualStudioVersion = 17.2.32616.157
MinimumVisualStudioVersion = 10.0.40219.1
Project("{9A19103F-16F7-4668-BE54-9A1E7A4F7556}") = "sqlapp", "sqlapp\sqlapp.csproj", "{08AC58B9-97CC-4A24-A942-B86BB73BD953}"
EndProject
Project("{9A19103F-16F7-4668-BE54-9A1E7A4F7556}") = "domain", "domain\domain.csproj", "{52E3F181-D7BB-4E02-A7F5-7464625192DA}"
EndProject
Project("{9A19103F-16F7-4668-BE54-9A1E7A4F7556}") = "infra", "infra\infra.csproj", "{168D8370-62CE-4B47-96A1-D24562E7C321}"
EndProject
Project("{9A19103F-16F7-4668-BE54-9A1E7A4F7556}") = "sqlfunction", "sqlfunction\sqlfunction.csproj", "{3CB05169-AD16-4B1D-9B4A-8100F1B17ABA}"
EndProject
Global
	GlobalSection(SolutionConfigurationPlatforms) = preSolution
		Debug|Any CPU = Debug|Any CPU
		Release|Any CPU = Release|Any CPU
	EndGlobalSection
	GlobalSection(ProjectConfigurationPlatforms) = postSolution
		{08AC58B9-97CC-4A24-A942-B86BB73BD953}.Debug|Any CPU.ActiveCfg = Debug|Any CPU
		{08AC58B9-97CC-4A24-A942-B86BB73BD953}.Debug|Any CPU.Build.0 = Debug|Any CPU
		{08AC58B9-97CC-4A24-A942-B86BB73BD953}.Release|Any CPU.ActiveCfg = Release|Any CPU
		{08AC58B9-97CC-4A24-A942-B86BB73BD953}.Release|Any CPU.Build.0 = Release|Any CPU
		{52E3F181-D7BB-4E02-A7F5-7464625192DA}.Debug|Any CPU.ActiveCfg = Debug|Any CPU
		{52E3F181-D7BB-4E02-A7F5-7464625192DA}.Debug|Any CPU.Build.0 = Debug|Any CPU
		{52E3F181-D7BB-4E02-A7F5-7464625192DA}.Release|Any CPU.ActiveCfg = Release|Any CPU
		{52E3F181-D7BB-4E02-A7F5-7464625192DA}.Release|Any CPU.Build.0 = Release|Any CPU
		{168D8370-62CE-4B47-96A1-D24562E7C321}.Debug|Any CPU.ActiveCfg = Debug|Any CPU
		{168D8370-62CE-4B47-96A1-D24562E7C321}.Debug|Any CPU.Build.0 = Debug|Any CPU
		{168D8370-62CE-4B47-96A1-D24562E7C321}.Release|Any CPU.ActiveCfg = Release|Any CPU
		{168D8370-62CE-4B47-96A1-D24562E7C321}.Release|Any CPU.Build.0 = Release|Any CPU
		{3CB05169-AD16-4B1D-9B4A-8100F1B17ABA}.Debug|Any CPU.ActiveCfg = Debug|Any CPU
		{3CB05169-AD16-4B1D-9B4A-8100F1B17ABA}.Debug|Any CPU.Build.0 = Debug|Any CPU
		{3CB05169-AD16-4B1D-9B4A-8100F1B17ABA}.Release|Any CPU.ActiveCfg = Release|Any CPU
		{3CB05169-AD16-4B1D-9B4A-8100F1B17ABA}.Release|Any CPU.Build.0 = Release|Any CPU
	EndGlobalSection
	GlobalSection(SolutionProperties) = preSolution
		HideSolutionNode = FALSE
	EndGlobalSection
	GlobalSection(ExtensibilityGlobals) = postSolution
		SolutionGuid = {226C5A55-185B-44B4-BB05-FD821BFD665A}
	EndGlobalSection
EndGlobal
